
Microsoft Visual Studio Solution File, Format Version 12.00
# Visual Studio Version 17
VisualStudioVersion = 17.4.33205.214
MinimumVisualStudioVersion = 10.0.40219.1
Project("{FAE04EC0-301F-11D3-BF4B-00C04F79EFBC}") = "prime", "prime\prime.csproj", "{2E92BAE0-1089-42BA-9503-D829E55307CE}"
EndProject
Global
	GlobalSection(SolutionConfigurationPlatforms) = preSolution
		Debug|Any CPU = Debug|Any CPU
		Release|Any CPU = Release|Any CPU
	EndGlobalSection
	GlobalSection(ProjectConfigurationPlatforms) = postSolution
		{2E92BAE0-1089-42BA-9503-D829E55307CE}.Debug|Any CPU.ActiveCfg = Debug|Any CPU
		{2E92BAE0-1089-42BA-9503-D829E55307CE}.Debug|Any CPU.Build.0 = Debug|Any CPU
		{2E92BAE0-1089-42BA-9503-D829E55307CE}.Release|Any CPU.ActiveCfg = Release|Any CPU
		{2E92BAE0-1089-42BA-9503-D829E55307CE}.Release|Any CPU.Build.0 = Release|Any CPU
	EndGlobalSection
	GlobalSection(SolutionProperties) = preSolution
		HideSolutionNode = FALSE
	EndGlobalSection
	GlobalSection(ExtensibilityGlobals) = postSolution
		SolutionGuid = {D4649F29-CEAB-4615-BEF2-46F298DA358A}
	EndGlobalSection
EndGlobal
